
Microsoft Visual Studio Solution File, Format Version 12.00
# Visual Studio Version 16
VisualStudioVersion = 16.0.29009.5
MinimumVisualStudioVersion = 10.0.40219.1
Project("{9A19103F-16F7-4668-BE54-9A1E7A4F7556}") = "HellishOnslaught", "HellishOnslaught.csproj", "{BD631FF4-DFF4-4C98-94DE-C62D4257418A}"
EndProject
Global
	GlobalSection(SolutionConfigurationPlatforms) = preSolution
		Debug|Any CPU = Debug|Any CPU
		Release|Any CPU = Release|Any CPU
	EndGlobalSection
	GlobalSection(ProjectConfigurationPlatforms) = postSolution
		{BD631FF4-DFF4-4C98-94DE-C62D4257418A}.Debug|Any CPU.ActiveCfg = Debug|Any CPU
		{BD631FF4-DFF4-4C98-94DE-C62D4257418A}.Debug|Any CPU.Build.0 = Debug|Any CPU
		{BD631FF4-DFF4-4C98-94DE-C62D4257418A}.Release|Any CPU.ActiveCfg = Release|Any CPU
		{BD631FF4-DFF4-4C98-94DE-C62D4257418A}.Release|Any CPU.Build.0 = Release|Any CPU
	EndGlobalSection
	GlobalSection(SolutionProperties) = preSolution
		HideSolutionNode = FALSE
	EndGlobalSection
	GlobalSection(ExtensibilityGlobals) = postSolution
		SolutionGuid = {F8E42DF3-03FA-4093-B5A5-4EF1E3ADAAAA}
	EndGlobalSection
EndGlobal
